// !$*UTF8*$!
{
	archiveVersion = 1;
	classes = {
	};
	objectVersion = 50;
	objects = {

/* Begin PBXBuildFile section */
		13BAC90E2436B08700ADAE19 /* AppDelegate.swift in Sources */ = {isa = PBXBuildFile; fileRef = 13BAC90D2436B08700ADAE19 /* AppDelegate.swift */; };
		13BAC9102436B08700ADAE19 /* SceneDelegate.swift in Sources */ = {isa = PBXBuildFile; fileRef = 13BAC90F2436B08700ADAE19 /* SceneDelegate.swift */; };
		13BAC9122436B08700ADAE19 /* ViewController.swift in Sources */ = {isa = PBXBuildFile; fileRef = 13BAC9112436B08700ADAE19 /* ViewController.swift */; };
		13BAC9152436B08700ADAE19 /* Main.storyboard in Resources */ = {isa = PBXBuildFile; fileRef = 13BAC9132436B08700ADAE19 /* Main.storyboard */; };
		13BAC9172436B08800ADAE19 /* Assets.xcassets in Resources */ = {isa = PBXBuildFile; fileRef = 13BAC9162436B08800ADAE19 /* Assets.xcassets */; };
		13BAC91A2436B08800ADAE19 /* LaunchScreen.storyboard in Resources */ = {isa = PBXBuildFile; fileRef = 13BAC9182436B08800ADAE19 /* LaunchScreen.storyboard */; };
		13BAC9252436B08800ADAE19 /* ig_zoomTests.swift in Sources */ = {isa = PBXBuildFile; fileRef = 13BAC9242436B08800ADAE19 /* ig_zoomTests.swift */; };
		13BAC9302436B08800ADAE19 /* ig_zoomUITests.swift in Sources */ = {isa = PBXBuildFile; fileRef = 13BAC92F2436B08800ADAE19 /* ig_zoomUITests.swift */; };
/* End PBXBuildFile section */

/* Begin PBXContainerItemProxy section */
		13BAC9212436B08800ADAE19 /* PBXContainerItemProxy */ = {
			isa = PBXContainerItemProxy;
			containerPortal = 13BAC9022436B08600ADAE19 /* Project object */;
			proxyType = 1;
			remoteGlobalIDString = 13BAC9092436B08700ADAE19;
			remoteInfo = ig_zoom;
		};
		13BAC92C2436B08800ADAE19 /* PBXContainerItemProxy */ = {
			isa = PBXContainerItemProxy;
			containerPortal = 13BAC9022436B08600ADAE19 /* Project object */;
			proxyType = 1;
			remoteGlobalIDString = 13BAC9092436B08700ADAE19;
			remoteInfo = ig_zoom;
		};
/* End PBXContainerItemProxy section */

/* Begin PBXFileReference section */
		13BAC90A2436B08700ADAE19 /* ig_zoom.app */ = {isa = PBXFileReference; explicitFileType = wrapper.application; includeInIndex = 0; path = ig_zoom.app; sourceTree = BUILT_PRODUCTS_DIR; };
		13BAC90D2436B08700ADAE19 /* AppDelegate.swift */ = {isa = PBXFileReference; lastKnownFileType = sourcecode.swift; path = AppDelegate.swift; sourceTree = "<group>"; };
		13BAC90F2436B08700ADAE19 /* SceneDelegate.swift */ = {isa = PBXFileReference; lastKnownFileType = sourcecode.swift; path = SceneDelegate.swift; sourceTree = "<group>"; };
		13BAC9112436B08700ADAE19 /* ViewController.swift */ = {isa = PBXFileReference; lastKnownFileType = sourcecode.swift; path = ViewController.swift; sourceTree = "<group>"; };
		13BAC9142436B08700ADAE19 /* Base */ = {isa = PBXFileReference; lastKnownFileType = file.storyboard; name = Base; path = Base.lproj/Main.storyboard; sourceTree = "<group>"; };
		13BAC9162436B08800ADAE19 /* Assets.xcassets */ = {isa = PBXFileReference; lastKnownFileType = folder.assetcatalog; path = Assets.xcassets; sourceTree = "<group>"; };
		13BAC9192436B08800ADAE19 /* Base */ = {isa = PBXFileReference; lastKnownFileType = file.storyboard; name = Base; path = Base.lproj/LaunchScreen.storyboard; sourceTree = "<group>"; };
		13BAC91B2436B08800ADAE19 /* Info.plist */ = {isa = PBXFileReference; lastKnownFileType = text.plist.xml; path = Info.plist; sourceTree = "<group>"; };
		13BAC9202436B08800ADAE19 /* ig_zoomTests.xctest */ = {isa = PBXFileReference; explicitFileType = wrapper.cfbundle; includeInIndex = 0; path = ig_zoomTests.xctest; sourceTree = BUILT_PRODUCTS_DIR; };
		13BAC9242436B08800ADAE19 /* ig_zoomTests.swift */ = {isa = PBXFileReference; lastKnownFileType = sourcecode.swift; path = ig_zoomTests.swift; sourceTree = "<group>"; };
		13BAC9262436B08800ADAE19 /* Info.plist */ = {isa = PBXFileReference; lastKnownFileType = text.plist.xml; path = Info.plist; sourceTree = "<group>"; };
		13BAC92B2436B08800ADAE19 /* ig_zoomUITests.xctest */ = {isa = PBXFileReference; explicitFileType = wrapper.cfbundle; includeInIndex = 0; path = ig_zoomUITests.xctest; sourceTree = BUILT_PRODUCTS_DIR; };
		13BAC92F2436B08800ADAE19 /* ig_zoomUITests.swift */ = {isa = PBXFileReference; lastKnownFileType = sourcecode.swift; path = ig_zoomUITests.swift; sourceTree = "<group>"; };
		13BAC9312436B08800ADAE19 /* Info.plist */ = {isa = PBXFileReference; lastKnownFileType = text.plist.xml; path = Info.plist; sourceTree = "<group>"; };
/* End PBXFileReference section */

/* Begin PBXFrameworksBuildPhase section */
		13BAC9072436B08700ADAE19 /* Frameworks */ = {
			isa = PBXFrameworksBuildPhase;
			buildActionMask = 2147483647;
			files = (
			);
			runOnlyForDeploymentPostprocessing = 0;
		};
		13BAC91D2436B08800ADAE19 /* Frameworks */ = {
			isa = PBXFrameworksBuildPhase;
			buildActionMask = 2147483647;
			files = (
			);
			runOnlyForDeploymentPostprocessing = 0;
		};
		13BAC9282436B08800ADAE19 /* Frameworks */ = {
			isa = PBXFrameworksBuildPhase;
			buildActionMask = 2147483647;
			files = (
			);
			runOnlyForDeploymentPostprocessing = 0;
		};
/* End PBXFrameworksBuildPhase section */

/* Begin PBXGroup section */
		13BAC9012436B08600ADAE19 = {
			isa = PBXGroup;
			children = (
				13BAC90C2436B08700ADAE19 /* ig_zoom */,
				13BAC9232436B08800ADAE19 /* ig_zoomTests */,
				13BAC92E2436B08800ADAE19 /* ig_zoomUITests */,
				13BAC90B2436B08700ADAE19 /* Products */,
			);
			sourceTree = "<group>";
		};
		13BAC90B2436B08700ADAE19 /* Products */ = {
			isa = PBXGroup;
			children = (
				13BAC90A2436B08700ADAE19 /* ig_zoom.app */,
				13BAC9202436B08800ADAE19 /* ig_zoomTests.xctest */,
				13BAC92B2436B08800ADAE19 /* ig_zoomUITests.xctest */,
			);
			name = Products;
			sourceTree = "<group>";
		};
		13BAC90C2436B08700ADAE19 /* ig_zoom */ = {
			isa = PBXGroup;
			children = (
				13BAC90D2436B08700ADAE19 /* AppDelegate.swift */,
				13BAC90F2436B08700ADAE19 /* SceneDelegate.swift */,
				13BAC9112436B08700ADAE19 /* ViewController.swift */,
				13BAC9132436B08700ADAE19 /* Main.storyboard */,
				13BAC9162436B08800ADAE19 /* Assets.xcassets */,
				13BAC9182436B08800ADAE19 /* LaunchScreen.storyboard */,
				13BAC91B2436B08800ADAE19 /* Info.plist */,
			);
			path = ig_zoom;
			sourceTree = "<group>";
		};
		13BAC9232436B08800ADAE19 /* ig_zoomTests */ = {
			isa = PBXGroup;
			children = (
				13BAC9242436B08800ADAE19 /* ig_zoomTests.swift */,
				13BAC9262436B08800ADAE19 /* Info.plist */,
			);
			path = ig_zoomTests;
			sourceTree = "<group>";
		};
		13BAC92E2436B08800ADAE19 /* ig_zoomUITests */ = {
			isa = PBXGroup;
			children = (
				13BAC92F2436B08800ADAE19 /* ig_zoomUITests.swift */,
				13BAC9312436B08800ADAE19 /* Info.plist */,
			);
			path = ig_zoomUITests;
			sourceTree = "<group>";
		};
/* End PBXGroup section */

/* Begin PBXNativeTarget section */
		13BAC9092436B08700ADAE19 /* ig_zoom */ = {
			isa = PBXNativeTarget;
			buildConfigurationList = 13BAC9342436B08900ADAE19 /* Build configuration list for PBXNativeTarget "ig_zoom" */;
			buildPhases = (
				13BAC9062436B08700ADAE19 /* Sources */,
				13BAC9072436B08700ADAE19 /* Frameworks */,
				13BAC9082436B08700ADAE19 /* Resources */,
			);
			buildRules = (
			);
			dependencies = (
			);
			name = ig_zoom;
			productName = ig_zoom;
			productReference = 13BAC90A2436B08700ADAE19 /* ig_zoom.app */;
			productType = "com.apple.product-type.application";
		};
		13BAC91F2436B08800ADAE19 /* ig_zoomTests */ = {
			isa = PBXNativeTarget;
			buildConfigurationList = 13BAC9372436B08900ADAE19 /* Build configuration list for PBXNativeTarget "ig_zoomTests" */;
			buildPhases = (
				13BAC91C2436B08800ADAE19 /* Sources */,
				13BAC91D2436B08800ADAE19 /* Frameworks */,
				13BAC91E2436B08800ADAE19 /* Resources */,
			);
			buildRules = (
			);
			dependencies = (
				13BAC9222436B08800ADAE19 /* PBXTargetDependency */,
			);
			name = ig_zoomTests;
			productName = ig_zoomTests;
			productReference = 13BAC9202436B08800ADAE19 /* ig_zoomTests.xctest */;
			productType = "com.apple.product-type.bundle.unit-test";
		};
		13BAC92A2436B08800ADAE19 /* ig_zoomUITests */ = {
			isa = PBXNativeTarget;
			buildConfigurationList = 13BAC93A2436B08900ADAE19 /* Build configuration list for PBXNativeTarget "ig_zoomUITests" */;
			buildPhases = (
				13BAC9272436B08800ADAE19 /* Sources */,
				13BAC9282436B08800ADAE19 /* Frameworks */,
				13BAC9292436B08800ADAE19 /* Resources */,
			);
			buildRules = (
			);
			dependencies = (
				13BAC92D2436B08800ADAE19 /* PBXTargetDependency */,
			);
			name = ig_zoomUITests;
			productName = ig_zoomUITests;
			productReference = 13BAC92B2436B08800ADAE19 /* ig_zoomUITests.xctest */;
			productType = "com.apple.product-type.bundle.ui-testing";
		};
/* End PBXNativeTarget section */

/* Begin PBXProject section */
		13BAC9022436B08600ADAE19 /* Project object */ = {
			isa = PBXProject;
			attributes = {
				LastSwiftUpdateCheck = 1130;
				LastUpgradeCheck = 1130;
				ORGANIZATIONNAME = org.eduardo.dev;
				TargetAttributes = {
					13BAC9092436B08700ADAE19 = {
						CreatedOnToolsVersion = 11.3.1;
					};
					13BAC91F2436B08800ADAE19 = {
						CreatedOnToolsVersion = 11.3.1;
						TestTargetID = 13BAC9092436B08700ADAE19;
					};
					13BAC92A2436B08800ADAE19 = {
						CreatedOnToolsVersion = 11.3.1;
						TestTargetID = 13BAC9092436B08700ADAE19;
					};
				};
			};
			buildConfigurationList = 13BAC9052436B08600ADAE19 /* Build configuration list for PBXProject "ig_zoom" */;
			compatibilityVersion = "Xcode 9.3";
			developmentRegion = en;
			hasScannedForEncodings = 0;
			knownRegions = (
				en,
				Base,
			);
			mainGroup = 13BAC9012436B08600ADAE19;
			productRefGroup = 13BAC90B2436B08700ADAE19 /* Products */;
			projectDirPath = "";
			projectRoot = "";
			targets = (
				13BAC9092436B08700ADAE19 /* ig_zoom */,
				13BAC91F2436B08800ADAE19 /* ig_zoomTests */,
				13BAC92A2436B08800ADAE19 /* ig_zoomUITests */,
			);
		};
/* End PBXProject section */

/* Begin PBXResourcesBuildPhase section */
		13BAC9082436B08700ADAE19 /* Resources */ = {
			isa = PBXResourcesBuildPhase;
			buildActionMask = 2147483647;
			files = (
				13BAC91A2436B08800ADAE19 /* LaunchScreen.storyboard in Resources */,
				13BAC9172436B08800ADAE19 /* Assets.xcassets in Resources */,
				13BAC9152436B08700ADAE19 /* Main.storyboard in Resources */,
			);
			runOnlyForDeploymentPostprocessing = 0;
		};
		13BAC91E2436B08800ADAE19 /* Resources */ = {
			isa = PBXResourcesBuildPhase;
			buildActionMask = 2147483647;
			files = (
			);
			runOnlyForDeploymentPostprocessing = 0;
		};
		13BAC9292436B08800ADAE19 /* Resources */ = {
			isa = PBXResourcesBuildPhase;
			buildActionMask = 2147483647;
			files = (
			);
			runOnlyForDeploymentPostprocessing = 0;
		};
/* End PBXResourcesBuildPhase section */

/* Begin PBXSourcesBuildPhase section */
		13BAC9062436B08700ADAE19 /* Sources */ = {
			isa = PBXSourcesBuildPhase;
			buildActionMask = 2147483647;
			files = (
				13BAC9122436B08700ADAE19 /* ViewController.swift in Sources */,
				13BAC90E2436B08700ADAE19 /* AppDelegate.swift in Sources */,
				13BAC9102436B08700ADAE19 /* SceneDelegate.swift in Sources */,
			);
			runOnlyForDeploymentPostprocessing = 0;
		};
		13BAC91C2436B08800ADAE19 /* Sources */ = {
			isa = PBXSourcesBuildPhase;
			buildActionMask = 2147483647;
			files = (
				13BAC9252436B08800ADAE19 /* ig_zoomTests.swift in Sources */,
			);
			runOnlyForDeploymentPostprocessing = 0;
		};
		13BAC9272436B08800ADAE19 /* Sources */ = {
			isa = PBXSourcesBuildPhase;
			buildActionMask = 2147483647;
			files = (
				13BAC9302436B08800ADAE19 /* ig_zoomUITests.swift in Sources */,
			);
			runOnlyForDeploymentPostprocessing = 0;
		};
/* End PBXSourcesBuildPhase section */

/* Begin PBXTargetDependency section */
		13BAC9222436B08800ADAE19 /* PBXTargetDependency */ = {
			isa = PBXTargetDependency;
			target = 13BAC9092436B08700ADAE19 /* ig_zoom */;
			targetProxy = 13BAC9212436B08800ADAE19 /* PBXContainerItemProxy */;
		};
		13BAC92D2436B08800ADAE19 /* PBXTargetDependency */ = {
			isa = PBXTargetDependency;
			target = 13BAC9092436B08700ADAE19 /* ig_zoom */;
			targetProxy = 13BAC92C2436B08800ADAE19 /* PBXContainerItemProxy */;
		};
/* End PBXTargetDependency section */

/* Begin PBXVariantGroup section */
		13BAC9132436B08700ADAE19 /* Main.storyboard */ = {
			isa = PBXVariantGroup;
			children = (
				13BAC9142436B08700ADAE19 /* Base */,
			);
			name = Main.storyboard;
			sourceTree = "<group>";
		};
		13BAC9182436B08800ADAE19 /* LaunchScreen.storyboard */ = {
			isa = PBXVariantGroup;
			children = (
				13BAC9192436B08800ADAE19 /* Base */,
			);
			name = LaunchScreen.storyboard;
			sourceTree = "<group>";
		};
/* End PBXVariantGroup section */

/* Begin XCBuildConfiguration section */
		13BAC9322436B08900ADAE19 /* Debug */ = {
			isa = XCBuildConfiguration;
			buildSettings = {
				ALWAYS_SEARCH_USER_PATHS = NO;
				CLANG_ANALYZER_NONNULL = YES;
				CLANG_ANALYZER_NUMBER_OBJECT_CONVERSION = YES_AGGRESSIVE;
				CLANG_CXX_LANGUAGE_STANDARD = "gnu++14";
				CLANG_CXX_LIBRARY = "libc++";
				CLANG_ENABLE_MODULES = YES;
				CLANG_ENABLE_OBJC_ARC = YES;
				CLANG_ENABLE_OBJC_WEAK = YES;
				CLANG_WARN_BLOCK_CAPTURE_AUTORELEASING = YES;
				CLANG_WARN_BOOL_CONVERSION = YES;
				CLANG_WARN_COMMA = YES;
				CLANG_WARN_CONSTANT_CONVERSION = YES;
				CLANG_WARN_DEPRECATED_OBJC_IMPLEMENTATIONS = YES;
				CLANG_WARN_DIRECT_OBJC_ISA_USAGE = YES_ERROR;
				CLANG_WARN_DOCUMENTATION_COMMENTS = YES;
				CLANG_WARN_EMPTY_BODY = YES;
				CLANG_WARN_ENUM_CONVERSION = YES;
				CLANG_WARN_INFINITE_RECURSION = YES;
				CLANG_WARN_INT_CONVERSION = YES;
				CLANG_WARN_NON_LITERAL_NULL_CONVERSION = YES;
				CLANG_WARN_OBJC_IMPLICIT_RETAIN_SELF = YES;
				CLANG_WARN_OBJC_LITERAL_CONVERSION = YES;
				CLANG_WARN_OBJC_ROOT_CLASS = YES_ERROR;
				CLANG_WARN_RANGE_LOOP_ANALYSIS = YES;
				CLANG_WARN_STRICT_PROTOTYPES = YES;
				CLANG_WARN_SUSPICIOUS_MOVE = YES;
				CLANG_WARN_UNGUARDED_AVAILABILITY = YES_AGGRESSIVE;
				CLANG_WARN_UNREACHABLE_CODE = YES;
				CLANG_WARN__DUPLICATE_METHOD_MATCH = YES;
				COPY_PHASE_STRIP = NO;
				DEBUG_INFORMATION_FORMAT = dwarf;
				ENABLE_STRICT_OBJC_MSGSEND = YES;
				ENABLE_TESTABILITY = YES;
				GCC_C_LANGUAGE_STANDARD = gnu11;
				GCC_DYNAMIC_NO_PIC = NO;
				GCC_NO_COMMON_BLOCKS = YES;
				GCC_OPTIMIZATION_LEVEL = 0;
				GCC_PREPROCESSOR_DEFINITIONS = (
					"DEBUG=1",
					"$(inherited)",
				);
				GCC_WARN_64_TO_32_BIT_CONVERSION = YES;
				GCC_WARN_ABOUT_RETURN_TYPE = YES_ERROR;
				GCC_WARN_UNDECLARED_SELECTOR = YES;
				GCC_WARN_UNINITIALIZED_AUTOS = YES_AGGRESSIVE;
				GCC_WARN_UNUSED_FUNCTION = YES;
				GCC_WARN_UNUSED_VARIABLE = YES;
				IPHONEOS_DEPLOYMENT_TARGET = 13.2;
				MTL_ENABLE_DEBUG_INFO = INCLUDE_SOURCE;
				MTL_FAST_MATH = YES;
				ONLY_ACTIVE_ARCH = YES;
				SDKROOT = iphoneos;
				SWIFT_ACTIVE_COMPILATION_CONDITIONS = DEBUG;
				SWIFT_OPTIMIZATION_LEVEL = "-Onone";
			};
			name = Debug;
		};
		13BAC9332436B08900ADAE19 /* Release */ = {
			isa = XCBuildConfiguration;
			buildSettings = {
				ALWAYS_SEARCH_USER_PATHS = NO;
				CLANG_ANALYZER_NONNULL = YES;
				CLANG_ANALYZER_NUMBER_OBJECT_CONVERSION = YES_AGGRESSIVE;
				CLANG_CXX_LANGUAGE_STANDARD = "gnu++14";
				CLANG_CXX_LIBRARY = "libc++";
				CLANG_ENABLE_MODULES = YES;
				CLANG_ENABLE_OBJC_ARC = YES;
				CLANG_ENABLE_OBJC_WEAK = YES;
				CLANG_WARN_BLOCK_CAPTURE_AUTORELEASING = YES;
				CLANG_WARN_BOOL_CONVERSION = YES;
				CLANG_WARN_COMMA = YES;
				CLANG_WARN_CONSTANT_CONVERSION = YES;
				CLANG_WARN_DEPRECATED_OBJC_IMPLEMENTATIONS = YES;
				CLANG_WARN_DIRECT_OBJC_ISA_USAGE = YES_ERROR;
				CLANG_WARN_DOCUMENTATION_COMMENTS = YES;
				CLANG_WARN_EMPTY_BODY = YES;
				CLANG_WARN_ENUM_CONVERSION = YES;
				CLANG_WARN_INFINITE_RECURSION = YES;
				CLANG_WARN_INT_CONVERSION = YES;
				CLANG_WARN_NON_LITERAL_NULL_CONVERSION = YES;
				CLANG_WARN_OBJC_IMPLICIT_RETAIN_SELF = YES;
				CLANG_WARN_OBJC_LITERAL_CONVERSION = YES;
				CLANG_WARN_OBJC_ROOT_CLASS = YES_ERROR;
				CLANG_WARN_RANGE_LOOP_ANALYSIS = YES;
				CLANG_WARN_STRICT_PROTOTYPES = YES;
				CLANG_WARN_SUSPICIOUS_MOVE = YES;
				CLANG_WARN_UNGUARDED_AVAILABILITY = YES_AGGRESSIVE;
				CLANG_WARN_UNREACHABLE_CODE = YES;
				CLANG_WARN__DUPLICATE_METHOD_MATCH = YES;
				COPY_PHASE_STRIP = NO;
				DEBUG_INFORMATION_FORMAT = "dwarf-with-dsym";
				ENABLE_NS_ASSERTIONS = NO;
				ENABLE_STRICT_OBJC_MSGSEND = YES;
				GCC_C_LANGUAGE_STANDARD = gnu11;
				GCC_NO_COMMON_BLOCKS = YES;
				GCC_WARN_64_TO_32_BIT_CONVERSION = YES;
				GCC_WARN_ABOUT_RETURN_TYPE = YES_ERROR;
				GCC_WARN_UNDECLARED_SELECTOR = YES;
				GCC_WARN_UNINITIALIZED_AUTOS = YES_AGGRESSIVE;
				GCC_WARN_UNUSED_FUNCTION = YES;
				GCC_WARN_UNUSED_VARIABLE = YES;
				IPHONEOS_DEPLOYMENT_TARGET = 13.2;
				MTL_ENABLE_DEBUG_INFO = NO;
				MTL_FAST_MATH = YES;
				SDKROOT = iphoneos;
				SWIFT_COMPILATION_MODE = wholemodule;
				SWIFT_OPTIMIZATION_LEVEL = "-O";
				VALIDATE_PRODUCT = YES;
			};
			name = Release;
		};
		13BAC9352436B08900ADAE19 /* Debug */ = {
			isa = XCBuildConfiguration;
			buildSettings = {
				ASSETCATALOG_COMPILER_APPICON_NAME = AppIcon;
				CODE_SIGN_STYLE = Automatic;
				DEVELOPMENT_TEAM = H6DQ57M4RS;
				INFOPLIST_FILE = ig_zoom/Info.plist;
				LD_RUNPATH_SEARCH_PATHS = (
					"$(inherited)",
					"@executable_path/Frameworks",
				);
				PRODUCT_BUNDLE_IDENTIFIER = "org.eduardo.dev.ig-zoom";
				PRODUCT_NAME = "$(TARGET_NAME)";
				SWIFT_VERSION = 5.0;
				TARGETED_DEVICE_FAMILY = "1,2";
			};
			name = Debug;
		};
		13BAC9362436B08900ADAE19 /* Release */ = {
			isa = XCBuildConfiguration;
			buildSettings = {
				ASSETCATALOG_COMPILER_APPICON_NAME = AppIcon;
				CODE_SIGN_STYLE = Automatic;
				DEVELOPMENT_TEAM = H6DQ57M4RS;
				INFOPLIST_FILE = ig_zoom/Info.plist;
				LD_RUNPATH_SEARCH_PATHS = (
					"$(inherited)",
					"@executable_path/Frameworks",
				);
				PRODUCT_BUNDLE_IDENTIFIER = "org.eduardo.dev.ig-zoom";
				PRODUCT_NAME = "$(TARGET_NAME)";
				SWIFT_VERSION = 5.0;
				TARGETED_DEVICE_FAMILY = "1,2";
			};
			name = Release;
		};
		13BAC9382436B08900ADAE19 /* Debug */ = {
			isa = XCBuildConfiguration;
			buildSettings = {
				ALWAYS_EMBED_SWIFT_STANDARD_LIBRARIES = YES;
				BUNDLE_LOADER = "$(TEST_HOST)";
				CODE_SIGN_STYLE = Automatic;
				DEVELOPMENT_TEAM = H6DQ57M4RS;
				INFOPLIST_FILE = ig_zoomTests/Info.plist;
				IPHONEOS_DEPLOYMENT_TARGET = 13.2;
				LD_RUNPATH_SEARCH_PATHS = (
					"$(inherited)",
					"@executable_path/Frameworks",
					"@loader_path/Frameworks",
				);
				PRODUCT_BUNDLE_IDENTIFIER = "org.eduardo.dev.ig-zoomTests";
				PRODUCT_NAME = "$(TARGET_NAME)";
				SWIFT_VERSION = 5.0;
				TARGETED_DEVICE_FAMILY = "1,2";
				TEST_HOST = "$(BUILT_PRODUCTS_DIR)/ig_zoom.app/ig_zoom";
			};
			name = Debug;
		};
		13BAC9392436B08900ADAE19 /* Release */ = {
			isa = XCBuildConfiguration;
			buildSettings = {
				ALWAYS_EMBED_SWIFT_STANDARD_LIBRARIES = YES;
				BUNDLE_LOADER = "$(TEST_HOST)";
				CODE_SIGN_STYLE = Automatic;
				DEVELOPMENT_TEAM = H6DQ57M4RS;
				INFOPLIST_FILE = ig_zoomTests/Info.plist;
				IPHONEOS_DEPLOYMENT_TARGET = 13.2;
				LD_RUNPATH_SEARCH_PATHS = (
					"$(inherited)",
					"@executable_path/Frameworks",
					"@loader_path/Frameworks",
				);
				PRODUCT_BUNDLE_IDENTIFIER = "org.eduardo.dev.ig-zoomTests";
				PRODUCT_NAME = "$(TARGET_NAME)";
				SWIFT_VERSION = 5.0;
				TARGETED_DEVICE_FAMILY = "1,2";
				TEST_HOST = "$(BUILT_PRODUCTS_DIR)/ig_zoom.app/ig_zoom";
			};
			name = Release;
		};
		13BAC93B2436B08900ADAE19 /* Debug */ = {
			isa = XCBuildConfiguration;
			buildSettings = {
				ALWAYS_EMBED_SWIFT_STANDARD_LIBRARIES = YES;
				CODE_SIGN_STYLE = Automatic;
				DEVELOPMENT_TEAM = H6DQ57M4RS;
				INFOPLIST_FILE = ig_zoomUITests/Info.plist;
				LD_RUNPATH_SEARCH_PATHS = (
					"$(inherited)",
					"@executable_path/Frameworks",
					"@loader_path/Frameworks",
				);
				PRODUCT_BUNDLE_IDENTIFIER = "org.eduardo.dev.ig-zoomUITests";
				PRODUCT_NAME = "$(TARGET_NAME)";
				SWIFT_VERSION = 5.0;
				TARGETED_DEVICE_FAMILY = "1,2";
				TEST_TARGET_NAME = ig_zoom;
			};
			name = Debug;
		};
		13BAC93C2436B08900ADAE19 /* Release */ = {
			isa = XCBuildConfiguration;
			buildSettings = {
				ALWAYS_EMBED_SWIFT_STANDARD_LIBRARIES = YES;
				CODE_SIGN_STYLE = Automatic;
				DEVELOPMENT_TEAM = H6DQ57M4RS;
				INFOPLIST_FILE = ig_zoomUITests/Info.plist;
				LD_RUNPATH_SEARCH_PATHS = (
					"$(inherited)",
					"@executable_path/Frameworks",
					"@loader_path/Frameworks",
				);
				PRODUCT_BUNDLE_IDENTIFIER = "org.eduardo.dev.ig-zoomUITests";
				PRODUCT_NAME = "$(TARGET_NAME)";
				SWIFT_VERSION = 5.0;
				TARGETED_DEVICE_FAMILY = "1,2";
				TEST_TARGET_NAME = ig_zoom;
			};
			name = Release;
		};
/* End XCBuildConfiguration section */

/* Begin XCConfigurationList section */
		13BAC9052436B08600ADAE19 /* Build configuration list for PBXProject "ig_zoom" */ = {
			isa = XCConfigurationList;
			buildConfigurations = (
				13BAC9322436B08900ADAE19 /* Debug */,
				13BAC9332436B08900ADAE19 /* Release */,
			);
			defaultConfigurationIsVisible = 0;
			defaultConfigurationName = Release;
		};
		13BAC9342436B08900ADAE19 /* Build configuration list for PBXNativeTarget "ig_zoom" */ = {
			isa = XCConfigurationList;
			buildConfigurations = (
				13BAC9352436B08900ADAE19 /* Debug */,
				13BAC9362436B08900ADAE19 /* Release */,
			);
			defaultConfigurationIsVisible = 0;
			defaultConfigurationName = Release;
		};
		13BAC9372436B08900ADAE19 /* Build configuration list for PBXNativeTarget "ig_zoomTests" */ = {
			isa = XCConfigurationList;
			buildConfigurations = (
				13BAC9382436B08900ADAE19 /* Debug */,
				13BAC9392436B08900ADAE19 /* Release */,
			);
			defaultConfigurationIsVisible = 0;
			defaultConfigurationName = Release;
		};
		13BAC93A2436B08900ADAE19 /* Build configuration list for PBXNativeTarget "ig_zoomUITests" */ = {
			isa = XCConfigurationList;
			buildConfigurations = (
				13BAC93B2436B08900ADAE19 /* Debug */,
				13BAC93C2436B08900ADAE19 /* Release */,
			);
			defaultConfigurationIsVisible = 0;
			defaultConfigurationName = Release;
		};
/* End XCConfigurationList section */
	};
	rootObject = 13BAC9022436B08600ADAE19 /* Project object */;
}
